// !$*UTF8*$!
{
	archiveVersion = 1;
	classes = {
	};
	objectVersion = 52;
	objects = {

/* Begin PBXBuildFile section */
		04A2DA8B26E612EE00EEA8CD /* NewsAppApp.swift in Sources */ = {isa = PBXBuildFile; fileRef = 04A2DA8A26E612EE00EEA8CD /* NewsAppApp.swift */; };
		04A2DA8D26E612EE00EEA8CD /* ContentView.swift in Sources */ = {isa = PBXBuildFile; fileRef = 04A2DA8C26E612EE00EEA8CD /* ContentView.swift */; };
		04A2DA8F26E612F300EEA8CD /* Assets.xcassets in Resources */ = {isa = PBXBuildFile; fileRef = 04A2DA8E26E612F300EEA8CD /* Assets.xcassets */; };
		04A2DA9226E612F300EEA8CD /* Preview Assets.xcassets in Resources */ = {isa = PBXBuildFile; fileRef = 04A2DA9126E612F300EEA8CD /* Preview Assets.xcassets */; };
		04A2DA9D26E6133C00EEA8CD /* HomeView.swift in Sources */ = {isa = PBXBuildFile; fileRef = 04A2DA9C26E6133C00EEA8CD /* HomeView.swift */; };
		04A2DA9F26E6145500EEA8CD /* NewsResponse.swift in Sources */ = {isa = PBXBuildFile; fileRef = 04A2DA9E26E6145500EEA8CD /* NewsResponse.swift */; };
		04A2DAA226E6164F00EEA8CD /* NewsEndPoint.swift in Sources */ = {isa = PBXBuildFile; fileRef = 04A2DAA126E6164F00EEA8CD /* NewsEndPoint.swift */; };
		04A2DAA526E6186300EEA8CD /* APIError.swift in Sources */ = {isa = PBXBuildFile; fileRef = 04A2DAA426E6186300EEA8CD /* APIError.swift */; };
		04A2DAA826E6199400EEA8CD /* NewsService.swift in Sources */ = {isa = PBXBuildFile; fileRef = 04A2DAA726E6199400EEA8CD /* NewsService.swift */; };
		04A2DAAB26E6297900EEA8CD /* ResultState.swift in Sources */ = {isa = PBXBuildFile; fileRef = 04A2DAAA26E6297900EEA8CD /* ResultState.swift */; };
		04A2DAAD26E629DF00EEA8CD /* NewsViewModel.swift in Sources */ = {isa = PBXBuildFile; fileRef = 04A2DAAC26E629DF00EEA8CD /* NewsViewModel.swift */; };
		04A2DAB026E63E5200EEA8CD /* URLImage in Frameworks */ = {isa = PBXBuildFile; productRef = 04A2DAAF26E63E5200EEA8CD /* URLImage */; };
		04A2DAB226E63E7600EEA8CD /* ArticleView.swift in Sources */ = {isa = PBXBuildFile; fileRef = 04A2DAB126E63E7600EEA8CD /* ArticleView.swift */; };
		04A2DAB426E6465A00EEA8CD /* ErrorView.swift in Sources */ = {isa = PBXBuildFile; fileRef = 04A2DAB326E6465A00EEA8CD /* ErrorView.swift */; };
/* End PBXBuildFile section */

/* Begin PBXFileReference section */
		04A2DA8726E612EE00EEA8CD /* NewsApp.app */ = {isa = PBXFileReference; explicitFileType = wrapper.application; includeInIndex = 0; path = NewsApp.app; sourceTree = BUILT_PRODUCTS_DIR; };
		04A2DA8A26E612EE00EEA8CD /* NewsAppApp.swift */ = {isa = PBXFileReference; lastKnownFileType = sourcecode.swift; path = NewsAppApp.swift; sourceTree = "<group>"; };
		04A2DA8C26E612EE00EEA8CD /* ContentView.swift */ = {isa = PBXFileReference; lastKnownFileType = sourcecode.swift; path = ContentView.swift; sourceTree = "<group>"; };
		04A2DA8E26E612F300EEA8CD /* Assets.xcassets */ = {isa = PBXFileReference; lastKnownFileType = folder.assetcatalog; path = Assets.xcassets; sourceTree = "<group>"; };
		04A2DA9126E612F300EEA8CD /* Preview Assets.xcassets */ = {isa = PBXFileReference; lastKnownFileType = folder.assetcatalog; path = "Preview Assets.xcassets"; sourceTree = "<group>"; };
		04A2DA9326E612F300EEA8CD /* Info.plist */ = {isa = PBXFileReference; lastKnownFileType = text.plist.xml; path = Info.plist; sourceTree = "<group>"; };
		04A2DA9C26E6133C00EEA8CD /* HomeView.swift */ = {isa = PBXFileReference; lastKnownFileType = sourcecode.swift; path = HomeView.swift; sourceTree = "<group>"; };
		04A2DA9E26E6145500EEA8CD /* NewsResponse.swift */ = {isa = PBXFileReference; lastKnownFileType = sourcecode.swift; path = NewsResponse.swift; sourceTree = "<group>"; };
		04A2DAA126E6164F00EEA8CD /* NewsEndPoint.swift */ = {isa = PBXFileReference; lastKnownFileType = sourcecode.swift; path = NewsEndPoint.swift; sourceTree = "<group>"; };
		04A2DAA426E6186300EEA8CD /* APIError.swift */ = {isa = PBXFileReference; lastKnownFileType = sourcecode.swift; path = APIError.swift; sourceTree = "<group>"; };
		04A2DAA726E6199400EEA8CD /* NewsService.swift */ = {isa = PBXFileReference; lastKnownFileType = sourcecode.swift; path = NewsService.swift; sourceTree = "<group>"; };
		04A2DAAA26E6297900EEA8CD /* ResultState.swift */ = {isa = PBXFileReference; lastKnownFileType = sourcecode.swift; path = ResultState.swift; sourceTree = "<group>"; };
		04A2DAAC26E629DF00EEA8CD /* NewsViewModel.swift */ = {isa = PBXFileReference; lastKnownFileType = sourcecode.swift; path = NewsViewModel.swift; sourceTree = "<group>"; };
		04A2DAB126E63E7600EEA8CD /* ArticleView.swift */ = {isa = PBXFileReference; lastKnownFileType = sourcecode.swift; path = ArticleView.swift; sourceTree = "<group>"; };
		04A2DAB326E6465A00EEA8CD /* ErrorView.swift */ = {isa = PBXFileReference; lastKnownFileType = sourcecode.swift; path = ErrorView.swift; sourceTree = "<group>"; };
/* End PBXFileReference section */

/* Begin PBXFrameworksBuildPhase section */
		04A2DA8426E612EE00EEA8CD /* Frameworks */ = {
			isa = PBXFrameworksBuildPhase;
			buildActionMask = 2147483647;
			files = (
				04A2DAB026E63E5200EEA8CD /* URLImage in Frameworks */,
			);
			runOnlyForDeploymentPostprocessing = 0;
		};
/* End PBXFrameworksBuildPhase section */

/* Begin PBXGroup section */
		04A2DA7E26E612EE00EEA8CD = {
			isa = PBXGroup;
			children = (
				04A2DA8926E612EE00EEA8CD /* NewsApp */,
				04A2DA8826E612EE00EEA8CD /* Products */,
			);
			sourceTree = "<group>";
		};
		04A2DA8826E612EE00EEA8CD /* Products */ = {
			isa = PBXGroup;
			children = (
				04A2DA8726E612EE00EEA8CD /* NewsApp.app */,
			);
			name = Products;
			sourceTree = "<group>";
		};
		04A2DA8926E612EE00EEA8CD /* NewsApp */ = {
			isa = PBXGroup;
			children = (
				04A2DAA926E6296C00EEA8CD /* State */,
				04A2DAA626E6198C00EEA8CD /* Service */,
				04A2DAA326E6185A00EEA8CD /* Error */,
				04A2DAA026E6163E00EEA8CD /* EndPoint */,
				04A2DA9B26E6131D00EEA8CD /* Model */,
				04A2DA9A26E6131900EEA8CD /* View */,
				04A2DA9926E6130B00EEA8CD /* ViewModel */,
				04A2DA8A26E612EE00EEA8CD /* NewsAppApp.swift */,
				04A2DA8C26E612EE00EEA8CD /* ContentView.swift */,
				04A2DA8E26E612F300EEA8CD /* Assets.xcassets */,
				04A2DA9326E612F300EEA8CD /* Info.plist */,
				04A2DA9026E612F300EEA8CD /* Preview Content */,
			);
			path = NewsApp;
			sourceTree = "<group>";
		};
		04A2DA9026E612F300EEA8CD /* Preview Content */ = {
			isa = PBXGroup;
			children = (
				04A2DA9126E612F300EEA8CD /* Preview Assets.xcassets */,
			);
			path = "Preview Content";
			sourceTree = "<group>";
		};
		04A2DA9926E6130B00EEA8CD /* ViewModel */ = {
			isa = PBXGroup;
			children = (
				04A2DAAC26E629DF00EEA8CD /* NewsViewModel.swift */,
			);
			path = ViewModel;
			sourceTree = "<group>";
		};
		04A2DA9A26E6131900EEA8CD /* View */ = {
			isa = PBXGroup;
			children = (
				04A2DA9C26E6133C00EEA8CD /* HomeView.swift */,
				04A2DAB126E63E7600EEA8CD /* ArticleView.swift */,
				04A2DAB326E6465A00EEA8CD /* ErrorView.swift */,
			);
			path = View;
			sourceTree = "<group>";
		};
		04A2DA9B26E6131D00EEA8CD /* Model */ = {
			isa = PBXGroup;
			children = (
				04A2DA9E26E6145500EEA8CD /* NewsResponse.swift */,
			);
			path = Model;
			sourceTree = "<group>";
		};
		04A2DAA026E6163E00EEA8CD /* EndPoint */ = {
			isa = PBXGroup;
			children = (
				04A2DAA126E6164F00EEA8CD /* NewsEndPoint.swift */,
			);
			path = EndPoint;
			sourceTree = "<group>";
		};
		04A2DAA326E6185A00EEA8CD /* Error */ = {
			isa = PBXGroup;
			children = (
				04A2DAA426E6186300EEA8CD /* APIError.swift */,
			);
			path = Error;
			sourceTree = "<group>";
		};
		04A2DAA626E6198C00EEA8CD /* Service */ = {
			isa = PBXGroup;
			children = (
				04A2DAA726E6199400EEA8CD /* NewsService.swift */,
			);
			path = Service;
			sourceTree = "<group>";
		};
		04A2DAA926E6296C00EEA8CD /* State */ = {
			isa = PBXGroup;
			children = (
				04A2DAAA26E6297900EEA8CD /* ResultState.swift */,
			);
			path = State;
			sourceTree = "<group>";
		};
/* End PBXGroup section */

/* Begin PBXNativeTarget section */
		04A2DA8626E612EE00EEA8CD /* NewsApp */ = {
			isa = PBXNativeTarget;
			buildConfigurationList = 04A2DA9626E612F300EEA8CD /* Build configuration list for PBXNativeTarget "NewsApp" */;
			buildPhases = (
				04A2DA8326E612EE00EEA8CD /* Sources */,
				04A2DA8426E612EE00EEA8CD /* Frameworks */,
				04A2DA8526E612EE00EEA8CD /* Resources */,
			);
			buildRules = (
			);
			dependencies = (
			);
			name = NewsApp;
			packageProductDependencies = (
				04A2DAAF26E63E5200EEA8CD /* URLImage */,
			);
			productName = NewsApp;
			productReference = 04A2DA8726E612EE00EEA8CD /* NewsApp.app */;
			productType = "com.apple.product-type.application";
		};
/* End PBXNativeTarget section */

/* Begin PBXProject section */
		04A2DA7F26E612EE00EEA8CD /* Project object */ = {
			isa = PBXProject;
			attributes = {
				LastSwiftUpdateCheck = 1250;
				LastUpgradeCheck = 1250;
				TargetAttributes = {
					04A2DA8626E612EE00EEA8CD = {
						CreatedOnToolsVersion = 12.5.1;
					};
				};
			};
			buildConfigurationList = 04A2DA8226E612EE00EEA8CD /* Build configuration list for PBXProject "NewsApp" */;
			compatibilityVersion = "Xcode 9.3";
			developmentRegion = en;
			hasScannedForEncodings = 0;
			knownRegions = (
				en,
				Base,
			);
			mainGroup = 04A2DA7E26E612EE00EEA8CD;
			packageReferences = (
				04A2DAAE26E63E5200EEA8CD /* XCRemoteSwiftPackageReference "url-image" */,
			);
			productRefGroup = 04A2DA8826E612EE00EEA8CD /* Products */;
			projectDirPath = "";
			projectRoot = "";
			targets = (
				04A2DA8626E612EE00EEA8CD /* NewsApp */,
			);
		};
/* End PBXProject section */

/* Begin PBXResourcesBuildPhase section */
		04A2DA8526E612EE00EEA8CD /* Resources */ = {
			isa = PBXResourcesBuildPhase;
			buildActionMask = 2147483647;
			files = (
				04A2DA9226E612F300EEA8CD /* Preview Assets.xcassets in Resources */,
				04A2DA8F26E612F300EEA8CD /* Assets.xcassets in Resources */,
			);
			runOnlyForDeploymentPostprocessing = 0;
		};
/* End PBXResourcesBuildPhase section */

/* Begin PBXSourcesBuildPhase section */
		04A2DA8326E612EE00EEA8CD /* Sources */ = {
			isa = PBXSourcesBuildPhase;
			buildActionMask = 2147483647;
			files = (
				04A2DAA226E6164F00EEA8CD /* NewsEndPoint.swift in Sources */,
				04A2DAAD26E629DF00EEA8CD /* NewsViewModel.swift in Sources */,
				04A2DA9D26E6133C00EEA8CD /* HomeView.swift in Sources */,
				04A2DA9F26E6145500EEA8CD /* NewsResponse.swift in Sources */,
				04A2DAA826E6199400EEA8CD /* NewsService.swift in Sources */,
				04A2DAAB26E6297900EEA8CD /* ResultState.swift in Sources */,
				04A2DA8D26E612EE00EEA8CD /* ContentView.swift in Sources */,
				04A2DAB226E63E7600EEA8CD /* ArticleView.swift in Sources */,
				04A2DA8B26E612EE00EEA8CD /* NewsAppApp.swift in Sources */,
				04A2DAA526E6186300EEA8CD /* APIError.swift in Sources */,
				04A2DAB426E6465A00EEA8CD /* ErrorView.swift in Sources */,
			);
			runOnlyForDeploymentPostprocessing = 0;
		};
/* End PBXSourcesBuildPhase section */

/* Begin XCBuildConfiguration section */
		04A2DA9426E612F300EEA8CD /* Debug */ = {
			isa = XCBuildConfiguration;
			buildSettings = {
				ALWAYS_SEARCH_USER_PATHS = NO;
				CLANG_ANALYZER_NONNULL = YES;
				CLANG_ANALYZER_NUMBER_OBJECT_CONVERSION = YES_AGGRESSIVE;
				CLANG_CXX_LANGUAGE_STANDARD = "gnu++14";
				CLANG_CXX_LIBRARY = "libc++";
				CLANG_ENABLE_MODULES = YES;
				CLANG_ENABLE_OBJC_ARC = YES;
				CLANG_ENABLE_OBJC_WEAK = YES;
				CLANG_WARN_BLOCK_CAPTURE_AUTORELEASING = YES;
				CLANG_WARN_BOOL_CONVERSION = YES;
				CLANG_WARN_COMMA = YES;
				CLANG_WARN_CONSTANT_CONVERSION = YES;
				CLANG_WARN_DEPRECATED_OBJC_IMPLEMENTATIONS = YES;
				CLANG_WARN_DIRECT_OBJC_ISA_USAGE = YES_ERROR;
				CLANG_WARN_DOCUMENTATION_COMMENTS = YES;
				CLANG_WARN_EMPTY_BODY = YES;
				CLANG_WARN_ENUM_CONVERSION = YES;
				CLANG_WARN_INFINITE_RECURSION = YES;
				CLANG_WARN_INT_CONVERSION = YES;
				CLANG_WARN_NON_LITERAL_NULL_CONVERSION = YES;
				CLANG_WARN_OBJC_IMPLICIT_RETAIN_SELF = YES;
				CLANG_WARN_OBJC_LITERAL_CONVERSION = YES;
				CLANG_WARN_OBJC_ROOT_CLASS = YES_ERROR;
				CLANG_WARN_QUOTED_INCLUDE_IN_FRAMEWORK_HEADER = YES;
				CLANG_WARN_RANGE_LOOP_ANALYSIS = YES;
				CLANG_WARN_STRICT_PROTOTYPES = YES;
				CLANG_WARN_SUSPICIOUS_MOVE = YES;
				CLANG_WARN_UNGUARDED_AVAILABILITY = YES_AGGRESSIVE;
				CLANG_WARN_UNREACHABLE_CODE = YES;
				CLANG_WARN__DUPLICATE_METHOD_MATCH = YES;
				COPY_PHASE_STRIP = NO;
				DEBUG_INFORMATION_FORMAT = dwarf;
				ENABLE_STRICT_OBJC_MSGSEND = YES;
				ENABLE_TESTABILITY = YES;
				GCC_C_LANGUAGE_STANDARD = gnu11;
				GCC_DYNAMIC_NO_PIC = NO;
				GCC_NO_COMMON_BLOCKS = YES;
				GCC_OPTIMIZATION_LEVEL = 0;
				GCC_PREPROCESSOR_DEFINITIONS = (
					"DEBUG=1",
					"$(inherited)",
				);
				GCC_WARN_64_TO_32_BIT_CONVERSION = YES;
				GCC_WARN_ABOUT_RETURN_TYPE = YES_ERROR;
				GCC_WARN_UNDECLARED_SELECTOR = YES;
				GCC_WARN_UNINITIALIZED_AUTOS = YES_AGGRESSIVE;
				GCC_WARN_UNUSED_FUNCTION = YES;
				GCC_WARN_UNUSED_VARIABLE = YES;
				IPHONEOS_DEPLOYMENT_TARGET = 14.5;
				MTL_ENABLE_DEBUG_INFO = INCLUDE_SOURCE;
				MTL_FAST_MATH = YES;
				ONLY_ACTIVE_ARCH = YES;
				SDKROOT = iphoneos;
				SWIFT_ACTIVE_COMPILATION_CONDITIONS = DEBUG;
				SWIFT_OPTIMIZATION_LEVEL = "-Onone";
			};
			name = Debug;
		};
		04A2DA9526E612F300EEA8CD /* Release */ = {
			isa = XCBuildConfiguration;
			buildSettings = {
				ALWAYS_SEARCH_USER_PATHS = NO;
				CLANG_ANALYZER_NONNULL = YES;
				CLANG_ANALYZER_NUMBER_OBJECT_CONVERSION = YES_AGGRESSIVE;
				CLANG_CXX_LANGUAGE_STANDARD = "gnu++14";
				CLANG_CXX_LIBRARY = "libc++";
				CLANG_ENABLE_MODULES = YES;
				CLANG_ENABLE_OBJC_ARC = YES;
				CLANG_ENABLE_OBJC_WEAK = YES;
				CLANG_WARN_BLOCK_CAPTURE_AUTORELEASING = YES;
				CLANG_WARN_BOOL_CONVERSION = YES;
				CLANG_WARN_COMMA = YES;
				CLANG_WARN_CONSTANT_CONVERSION = YES;
				CLANG_WARN_DEPRECATED_OBJC_IMPLEMENTATIONS = YES;
				CLANG_WARN_DIRECT_OBJC_ISA_USAGE = YES_ERROR;
				CLANG_WARN_DOCUMENTATION_COMMENTS = YES;
				CLANG_WARN_EMPTY_BODY = YES;
				CLANG_WARN_ENUM_CONVERSION = YES;
				CLANG_WARN_INFINITE_RECURSION = YES;
				CLANG_WARN_INT_CONVERSION = YES;
				CLANG_WARN_NON_LITERAL_NULL_CONVERSION = YES;
				CLANG_WARN_OBJC_IMPLICIT_RETAIN_SELF = YES;
				CLANG_WARN_OBJC_LITERAL_CONVERSION = YES;
				CLANG_WARN_OBJC_ROOT_CLASS = YES_ERROR;
				CLANG_WARN_QUOTED_INCLUDE_IN_FRAMEWORK_HEADER = YES;
				CLANG_WARN_RANGE_LOOP_ANALYSIS = YES;
				CLANG_WARN_STRICT_PROTOTYPES = YES;
				CLANG_WARN_SUSPICIOUS_MOVE = YES;
				CLANG_WARN_UNGUARDED_AVAILABILITY = YES_AGGRESSIVE;
				CLANG_WARN_UNREACHABLE_CODE = YES;
				CLANG_WARN__DUPLICATE_METHOD_MATCH = YES;
				COPY_PHASE_STRIP = NO;
				DEBUG_INFORMATION_FORMAT = "dwarf-with-dsym";
				ENABLE_NS_ASSERTIONS = NO;
				ENABLE_STRICT_OBJC_MSGSEND = YES;
				GCC_C_LANGUAGE_STANDARD = gnu11;
				GCC_NO_COMMON_BLOCKS = YES;
				GCC_WARN_64_TO_32_BIT_CONVERSION = YES;
				GCC_WARN_ABOUT_RETURN_TYPE = YES_ERROR;
				GCC_WARN_UNDECLARED_SELECTOR = YES;
				GCC_WARN_UNINITIALIZED_AUTOS = YES_AGGRESSIVE;
				GCC_WARN_UNUSED_FUNCTION = YES;
				GCC_WARN_UNUSED_VARIABLE = YES;
				IPHONEOS_DEPLOYMENT_TARGET = 14.5;
				MTL_ENABLE_DEBUG_INFO = NO;
				MTL_FAST_MATH = YES;
				SDKROOT = iphoneos;
				SWIFT_COMPILATION_MODE = wholemodule;
				SWIFT_OPTIMIZATION_LEVEL = "-O";
				VALIDATE_PRODUCT = YES;
			};
			name = Release;
		};
		04A2DA9726E612F300EEA8CD /* Debug */ = {
			isa = XCBuildConfiguration;
			buildSettings = {
				ASSETCATALOG_COMPILER_APPICON_NAME = AppIcon;
				ASSETCATALOG_COMPILER_GLOBAL_ACCENT_COLOR_NAME = AccentColor;
				CODE_SIGN_STYLE = Automatic;
				DEVELOPMENT_ASSET_PATHS = "\"NewsApp/Preview Content\"";
				DEVELOPMENT_TEAM = YHZVJQ792Q;
				ENABLE_PREVIEWS = YES;
				INFOPLIST_FILE = NewsApp/Info.plist;
				IPHONEOS_DEPLOYMENT_TARGET = 14.0;
				LD_RUNPATH_SEARCH_PATHS = (
					"$(inherited)",
					"@executable_path/Frameworks",
				);
				PRODUCT_BUNDLE_IDENTIFIER = com.blacenova.NewsApp;
				PRODUCT_NAME = "$(TARGET_NAME)";
				SWIFT_VERSION = 5.0;
				TARGETED_DEVICE_FAMILY = "1,2";
			};
			name = Debug;
		};
		04A2DA9826E612F300EEA8CD /* Release */ = {
			isa = XCBuildConfiguration;
			buildSettings = {
				ASSETCATALOG_COMPILER_APPICON_NAME = AppIcon;
				ASSETCATALOG_COMPILER_GLOBAL_ACCENT_COLOR_NAME = AccentColor;
				CODE_SIGN_STYLE = Automatic;
				DEVELOPMENT_ASSET_PATHS = "\"NewsApp/Preview Content\"";
				DEVELOPMENT_TEAM = YHZVJQ792Q;
				ENABLE_PREVIEWS = YES;
				INFOPLIST_FILE = NewsApp/Info.plist;
				IPHONEOS_DEPLOYMENT_TARGET = 14.0;
				LD_RUNPATH_SEARCH_PATHS = (
					"$(inherited)",
					"@executable_path/Frameworks",
				);
				PRODUCT_BUNDLE_IDENTIFIER = com.blacenova.NewsApp;
				PRODUCT_NAME = "$(TARGET_NAME)";
				SWIFT_VERSION = 5.0;
				TARGETED_DEVICE_FAMILY = "1,2";
			};
			name = Release;
		};
/* End XCBuildConfiguration section */

/* Begin XCConfigurationList section */
		04A2DA8226E612EE00EEA8CD /* Build configuration list for PBXProject "NewsApp" */ = {
			isa = XCConfigurationList;
			buildConfigurations = (
				04A2DA9426E612F300EEA8CD /* Debug */,
				04A2DA9526E612F300EEA8CD /* Release */,
			);
			defaultConfigurationIsVisible = 0;
			defaultConfigurationName = Release;
		};
		04A2DA9626E612F300EEA8CD /* Build configuration list for PBXNativeTarget "NewsApp" */ = {
			isa = XCConfigurationList;
			buildConfigurations = (
				04A2DA9726E612F300EEA8CD /* Debug */,
				04A2DA9826E612F300EEA8CD /* Release */,
			);
			defaultConfigurationIsVisible = 0;
			defaultConfigurationName = Release;
		};
/* End XCConfigurationList section */

/* Begin XCRemoteSwiftPackageReference section */
		04A2DAAE26E63E5200EEA8CD /* XCRemoteSwiftPackageReference "url-image" */ = {
			isa = XCRemoteSwiftPackageReference;
			repositoryURL = "https://github.com/dmytro-anokhin/url-image.git";
			requirement = {
				kind = upToNextMajorVersion;
				minimumVersion = 3.1.0;
			};
		};
/* End XCRemoteSwiftPackageReference section */

/* Begin XCSwiftPackageProductDependency section */
		04A2DAAF26E63E5200EEA8CD /* URLImage */ = {
			isa = XCSwiftPackageProductDependency;
			package = 04A2DAAE26E63E5200EEA8CD /* XCRemoteSwiftPackageReference "url-image" */;
			productName = URLImage;
		};
/* End XCSwiftPackageProductDependency section */
	};
	rootObject = 04A2DA7F26E612EE00EEA8CD /* Project object */;
}
